// !$*UTF8*$!
{
	archiveVersion = 1;
	classes = {
	};
	objectVersion = 50;
	objects = {

/* Begin PBXBuildFile section */
		AAEA2B45253A02A900B421FF /* AppDelegate.swift in Sources */ = {isa = PBXBuildFile; fileRef = AAEA2B44253A02A900B421FF /* AppDelegate.swift */; };
		AAEA2B47253A02A900B421FF /* SceneDelegate.swift in Sources */ = {isa = PBXBuildFile; fileRef = AAEA2B46253A02A900B421FF /* SceneDelegate.swift */; };
		AAEA2B49253A02A900B421FF /* ViewController.swift in Sources */ = {isa = PBXBuildFile; fileRef = AAEA2B48253A02A900B421FF /* ViewController.swift */; };
		AAEA2B4C253A02A900B421FF /* Main.storyboard in Resources */ = {isa = PBXBuildFile; fileRef = AAEA2B4A253A02A900B421FF /* Main.storyboard */; };
		AAEA2B4E253A02AB00B421FF /* Assets.xcassets in Resources */ = {isa = PBXBuildFile; fileRef = AAEA2B4D253A02AB00B421FF /* Assets.xcassets */; };
		AAEA2B51253A02AB00B421FF /* LaunchScreen.storyboard in Resources */ = {isa = PBXBuildFile; fileRef = AAEA2B4F253A02AB00B421FF /* LaunchScreen.storyboard */; };
		AAEA2B5A253A05A400B421FF /* MapKit.framework in Frameworks */ = {isa = PBXBuildFile; fileRef = AAEA2B59253A05A400B421FF /* MapKit.framework */; };
/* End PBXBuildFile section */

/* Begin PBXFileReference section */
		AAEA2B41253A02A900B421FF /* MapasApple.app */ = {isa = PBXFileReference; explicitFileType = wrapper.application; includeInIndex = 0; path = MapasApple.app; sourceTree = BUILT_PRODUCTS_DIR; };
		AAEA2B44253A02A900B421FF /* AppDelegate.swift */ = {isa = PBXFileReference; lastKnownFileType = sourcecode.swift; path = AppDelegate.swift; sourceTree = "<group>"; };
		AAEA2B46253A02A900B421FF /* SceneDelegate.swift */ = {isa = PBXFileReference; lastKnownFileType = sourcecode.swift; path = SceneDelegate.swift; sourceTree = "<group>"; };
		AAEA2B48253A02A900B421FF /* ViewController.swift */ = {isa = PBXFileReference; lastKnownFileType = sourcecode.swift; path = ViewController.swift; sourceTree = "<group>"; };
		AAEA2B4B253A02A900B421FF /* Base */ = {isa = PBXFileReference; lastKnownFileType = file.storyboard; name = Base; path = Base.lproj/Main.storyboard; sourceTree = "<group>"; };
		AAEA2B4D253A02AB00B421FF /* Assets.xcassets */ = {isa = PBXFileReference; lastKnownFileType = folder.assetcatalog; path = Assets.xcassets; sourceTree = "<group>"; };
		AAEA2B50253A02AB00B421FF /* Base */ = {isa = PBXFileReference; lastKnownFileType = file.storyboard; name = Base; path = Base.lproj/LaunchScreen.storyboard; sourceTree = "<group>"; };
		AAEA2B52253A02AB00B421FF /* Info.plist */ = {isa = PBXFileReference; lastKnownFileType = text.plist.xml; path = Info.plist; sourceTree = "<group>"; };
		AAEA2B59253A05A400B421FF /* MapKit.framework */ = {isa = PBXFileReference; lastKnownFileType = wrapper.framework; name = MapKit.framework; path = System/Library/Frameworks/MapKit.framework; sourceTree = SDKROOT; };
/* End PBXFileReference section */

/* Begin PBXFrameworksBuildPhase section */
		AAEA2B3E253A02A900B421FF /* Frameworks */ = {
			isa = PBXFrameworksBuildPhase;
			buildActionMask = 2147483647;
			files = (
				AAEA2B5A253A05A400B421FF /* MapKit.framework in Frameworks */,
			);
			runOnlyForDeploymentPostprocessing = 0;
		};
/* End PBXFrameworksBuildPhase section */

/* Begin PBXGroup section */
		AAEA2B38253A02A900B421FF = {
			isa = PBXGroup;
			children = (
				AAEA2B43253A02A900B421FF /* MapasApple */,
				AAEA2B42253A02A900B421FF /* Products */,
				AAEA2B58253A05A400B421FF /* Frameworks */,
			);
			sourceTree = "<group>";
		};
		AAEA2B42253A02A900B421FF /* Products */ = {
			isa = PBXGroup;
			children = (
				AAEA2B41253A02A900B421FF /* MapasApple.app */,
			);
			name = Products;
			sourceTree = "<group>";
		};
		AAEA2B43253A02A900B421FF /* MapasApple */ = {
			isa = PBXGroup;
			children = (
				AAEA2B44253A02A900B421FF /* AppDelegate.swift */,
				AAEA2B46253A02A900B421FF /* SceneDelegate.swift */,
				AAEA2B48253A02A900B421FF /* ViewController.swift */,
				AAEA2B4A253A02A900B421FF /* Main.storyboard */,
				AAEA2B4D253A02AB00B421FF /* Assets.xcassets */,
				AAEA2B4F253A02AB00B421FF /* LaunchScreen.storyboard */,
				AAEA2B52253A02AB00B421FF /* Info.plist */,
			);
			path = MapasApple;
			sourceTree = "<group>";
		};
		AAEA2B58253A05A400B421FF /* Frameworks */ = {
			isa = PBXGroup;
			children = (
				AAEA2B59253A05A400B421FF /* MapKit.framework */,
			);
			name = Frameworks;
			sourceTree = "<group>";
		};
/* End PBXGroup section */

/* Begin PBXNativeTarget section */
		AAEA2B40253A02A900B421FF /* MapasApple */ = {
			isa = PBXNativeTarget;
			buildConfigurationList = AAEA2B55253A02AB00B421FF /* Build configuration list for PBXNativeTarget "MapasApple" */;
			buildPhases = (
				AAEA2B3D253A02A900B421FF /* Sources */,
				AAEA2B3E253A02A900B421FF /* Frameworks */,
				AAEA2B3F253A02A900B421FF /* Resources */,
			);
			buildRules = (
			);
			dependencies = (
			);
			name = MapasApple;
			productName = MapasApple;
			productReference = AAEA2B41253A02A900B421FF /* MapasApple.app */;
			productType = "com.apple.product-type.application";
		};
/* End PBXNativeTarget section */

/* Begin PBXProject section */
		AAEA2B39253A02A900B421FF /* Project object */ = {
			isa = PBXProject;
			attributes = {
				LastSwiftUpdateCheck = 1170;
				LastUpgradeCheck = 1230;
				ORGANIZATIONNAME = Erwin;
				TargetAttributes = {
					AAEA2B40253A02A900B421FF = {
						CreatedOnToolsVersion = 11.7;
					};
				};
			};
			buildConfigurationList = AAEA2B3C253A02A900B421FF /* Build configuration list for PBXProject "MapasApple" */;
			compatibilityVersion = "Xcode 9.3";
			developmentRegion = en;
			hasScannedForEncodings = 0;
			knownRegions = (
				en,
				Base,
			);
			mainGroup = AAEA2B38253A02A900B421FF;
			productRefGroup = AAEA2B42253A02A900B421FF /* Products */;
			projectDirPath = "";
			projectRoot = "";
			targets = (
				AAEA2B40253A02A900B421FF /* MapasApple */,
			);
		};
/* End PBXProject section */

/* Begin PBXResourcesBuildPhase section */
		AAEA2B3F253A02A900B421FF /* Resources */ = {
			isa = PBXResourcesBuildPhase;
			buildActionMask = 2147483647;
			files = (
				AAEA2B51253A02AB00B421FF /* LaunchScreen.storyboard in Resources */,
				AAEA2B4E253A02AB00B421FF /* Assets.xcassets in Resources */,
				AAEA2B4C253A02A900B421FF /* Main.storyboard in Resources */,
			);
			runOnlyForDeploymentPostprocessing = 0;
		};
/* End PBXResourcesBuildPhase section */

/* Begin PBXSourcesBuildPhase section */
		AAEA2B3D253A02A900B421FF /* Sources */ = {
			isa = PBXSourcesBuildPhase;
			buildActionMask = 2147483647;
			files = (
				AAEA2B49253A02A900B421FF /* ViewController.swift in Sources */,
				AAEA2B45253A02A900B421FF /* AppDelegate.swift in Sources */,
				AAEA2B47253A02A900B421FF /* SceneDelegate.swift in Sources */,
			);
			runOnlyForDeploymentPostprocessing = 0;
		};
/* End PBXSourcesBuildPhase section */

/* Begin PBXVariantGroup section */
		AAEA2B4A253A02A900B421FF /* Main.storyboard */ = {
			isa = PBXVariantGroup;
			children = (
				AAEA2B4B253A02A900B421FF /* Base */,
			);
			name = Main.storyboard;
			sourceTree = "<group>";
		};
		AAEA2B4F253A02AB00B421FF /* LaunchScreen.storyboard */ = {
			isa = PBXVariantGroup;
			children = (
				AAEA2B50253A02AB00B421FF /* Base */,
			);
			name = LaunchScreen.storyboard;
			sourceTree = "<group>";
		};
/* End PBXVariantGroup section */

/* Begin XCBuildConfiguration section */
		AAEA2B53253A02AB00B421FF /* Debug */ = {
			isa = XCBuildConfiguration;
			buildSettings = {
				ALWAYS_SEARCH_USER_PATHS = NO;
				CLANG_ANALYZER_NONNULL = YES;
				CLANG_ANALYZER_NUMBER_OBJECT_CONVERSION = YES_AGGRESSIVE;
				CLANG_CXX_LANGUAGE_STANDARD = "gnu++14";
				CLANG_CXX_LIBRARY = "libc++";
				CLANG_ENABLE_MODULES = YES;
				CLANG_ENABLE_OBJC_ARC = YES;
				CLANG_ENABLE_OBJC_WEAK = YES;
				CLANG_WARN_BLOCK_CAPTURE_AUTORELEASING = YES;
				CLANG_WARN_BOOL_CONVERSION = YES;
				CLANG_WARN_COMMA = YES;
				CLANG_WARN_CONSTANT_CONVERSION = YES;
				CLANG_WARN_DEPRECATED_OBJC_IMPLEMENTATIONS = YES;
				CLANG_WARN_DIRECT_OBJC_ISA_USAGE = YES_ERROR;
				CLANG_WARN_DOCUMENTATION_COMMENTS = YES;
				CLANG_WARN_EMPTY_BODY = YES;
				CLANG_WARN_ENUM_CONVERSION = YES;
				CLANG_WARN_INFINITE_RECURSION = YES;
				CLANG_WARN_INT_CONVERSION = YES;
				CLANG_WARN_NON_LITERAL_NULL_CONVERSION = YES;
				CLANG_WARN_OBJC_IMPLICIT_RETAIN_SELF = YES;
				CLANG_WARN_OBJC_LITERAL_CONVERSION = YES;
				CLANG_WARN_OBJC_ROOT_CLASS = YES_ERROR;
				CLANG_WARN_QUOTED_INCLUDE_IN_FRAMEWORK_HEADER = YES;
				CLANG_WARN_RANGE_LOOP_ANALYSIS = YES;
				CLANG_WARN_STRICT_PROTOTYPES = YES;
				CLANG_WARN_SUSPICIOUS_MOVE = YES;
				CLANG_WARN_UNGUARDED_AVAILABILITY = YES_AGGRESSIVE;
				CLANG_WARN_UNREACHABLE_CODE = YES;
				CLANG_WARN__DUPLICATE_METHOD_MATCH = YES;
				COPY_PHASE_STRIP = NO;
				DEBUG_INFORMATION_FORMAT = dwarf;
				ENABLE_STRICT_OBJC_MSGSEND = YES;
				ENABLE_TESTABILITY = YES;
				GCC_C_LANGUAGE_STANDARD = gnu11;
				GCC_DYNAMIC_NO_PIC = NO;
				GCC_NO_COMMON_BLOCKS = YES;
				GCC_OPTIMIZATION_LEVEL = 0;
				GCC_PREPROCESSOR_DEFINITIONS = (
					"DEBUG=1",
					"$(inherited)",
				);
				GCC_WARN_64_TO_32_BIT_CONVERSION = YES;
				GCC_WARN_ABOUT_RETURN_TYPE = YES_ERROR;
				GCC_WARN_UNDECLARED_SELECTOR = YES;
				GCC_WARN_UNINITIALIZED_AUTOS = YES_AGGRESSIVE;
				GCC_WARN_UNUSED_FUNCTION = YES;
				GCC_WARN_UNUSED_VARIABLE = YES;
				IPHONEOS_DEPLOYMENT_TARGET = 13.7;
				MTL_ENABLE_DEBUG_INFO = INCLUDE_SOURCE;
				MTL_FAST_MATH = YES;
				ONLY_ACTIVE_ARCH = YES;
				SDKROOT = iphoneos;
				SWIFT_ACTIVE_COMPILATION_CONDITIONS = DEBUG;
				SWIFT_OPTIMIZATION_LEVEL = "-Onone";
			};
			name = Debug;
		};
		AAEA2B54253A02AB00B421FF /* Release */ = {
			isa = XCBuildConfiguration;
			buildSettings = {
				ALWAYS_SEARCH_USER_PATHS = NO;
				CLANG_ANALYZER_NONNULL = YES;
				CLANG_ANALYZER_NUMBER_OBJECT_CONVERSION = YES_AGGRESSIVE;
				CLANG_CXX_LANGUAGE_STANDARD = "gnu++14";
				CLANG_CXX_LIBRARY = "libc++";
				CLANG_ENABLE_MODULES = YES;
				CLANG_ENABLE_OBJC_ARC = YES;
				CLANG_ENABLE_OBJC_WEAK = YES;
				CLANG_WARN_BLOCK_CAPTURE_AUTORELEASING = YES;
				CLANG_WARN_BOOL_CONVERSION = YES;
				CLANG_WARN_COMMA = YES;
				CLANG_WARN_CONSTANT_CONVERSION = YES;
				CLANG_WARN_DEPRECATED_OBJC_IMPLEMENTATIONS = YES;
				CLANG_WARN_DIRECT_OBJC_ISA_USAGE = YES_ERROR;
				CLANG_WARN_DOCUMENTATION_COMMENTS = YES;
				CLANG_WARN_EMPTY_BODY = YES;
				CLANG_WARN_ENUM_CONVERSION = YES;
				CLANG_WARN_INFINITE_RECURSION = YES;
				CLANG_WARN_INT_CONVERSION = YES;
				CLANG_WARN_NON_LITERAL_NULL_CONVERSION = YES;
				CLANG_WARN_OBJC_IMPLICIT_RETAIN_SELF = YES;
				CLANG_WARN_OBJC_LITERAL_CONVERSION = YES;
				CLANG_WARN_OBJC_ROOT_CLASS = YES_ERROR;
				CLANG_WARN_QUOTED_INCLUDE_IN_FRAMEWORK_HEADER = YES;
				CLANG_WARN_RANGE_LOOP_ANALYSIS = YES;
				CLANG_WARN_STRICT_PROTOTYPES = YES;
				CLANG_WARN_SUSPICIOUS_MOVE = YES;
				CLANG_WARN_UNGUARDED_AVAILABILITY = YES_AGGRESSIVE;
				CLANG_WARN_UNREACHABLE_CODE = YES;
				CLANG_WARN__DUPLICATE_METHOD_MATCH = YES;
				COPY_PHASE_STRIP = NO;
				DEBUG_INFORMATION_FORMAT = "dwarf-with-dsym";
				ENABLE_NS_ASSERTIONS = NO;
				ENABLE_STRICT_OBJC_MSGSEND = YES;
				GCC_C_LANGUAGE_STANDARD = gnu11;
				GCC_NO_COMMON_BLOCKS = YES;
				GCC_WARN_64_TO_32_BIT_CONVERSION = YES;
				GCC_WARN_ABOUT_RETURN_TYPE = YES_ERROR;
				GCC_WARN_UNDECLARED_SELECTOR = YES;
				GCC_WARN_UNINITIALIZED_AUTOS = YES_AGGRESSIVE;
				GCC_WARN_UNUSED_FUNCTION = YES;
				GCC_WARN_UNUSED_VARIABLE = YES;
				IPHONEOS_DEPLOYMENT_TARGET = 13.7;
				MTL_ENABLE_DEBUG_INFO = NO;
				MTL_FAST_MATH = YES;
				SDKROOT = iphoneos;
				SWIFT_COMPILATION_MODE = wholemodule;
				SWIFT_OPTIMIZATION_LEVEL = "-O";
				VALIDATE_PRODUCT = YES;
			};
			name = Release;
		};
		AAEA2B56253A02AB00B421FF /* Debug */ = {
			isa = XCBuildConfiguration;
			buildSettings = {
				ASSETCATALOG_COMPILER_APPICON_NAME = AppIcon;
				CODE_SIGN_STYLE = Automatic;
				DEVELOPMENT_TEAM = 5933M745D6;
				INFOPLIST_FILE = MapasApple/Info.plist;
				LD_RUNPATH_SEARCH_PATHS = (
					"$(inherited)",
					"@executable_path/Frameworks",
				);
				PRODUCT_BUNDLE_IDENTIFIER = com.bugsoft.MapasApple;
				PRODUCT_NAME = "$(TARGET_NAME)";
				SWIFT_VERSION = 5.0;
				TARGETED_DEVICE_FAMILY = "1,2";
			};
			name = Debug;
		};
		AAEA2B57253A02AB00B421FF /* Release */ = {
			isa = XCBuildConfiguration;
			buildSettings = {
				ASSETCATALOG_COMPILER_APPICON_NAME = AppIcon;
				CODE_SIGN_STYLE = Automatic;
				DEVELOPMENT_TEAM = 5933M745D6;
				INFOPLIST_FILE = MapasApple/Info.plist;
				LD_RUNPATH_SEARCH_PATHS = (
					"$(inherited)",
					"@executable_path/Frameworks",
				);
				PRODUCT_BUNDLE_IDENTIFIER = com.bugsoft.MapasApple;
				PRODUCT_NAME = "$(TARGET_NAME)";
				SWIFT_VERSION = 5.0;
				TARGETED_DEVICE_FAMILY = "1,2";
			};
			name = Release;
		};
/* End XCBuildConfiguration section */

/* Begin XCConfigurationList section */
		AAEA2B3C253A02A900B421FF /* Build configuration list for PBXProject "MapasApple" */ = {
			isa = XCConfigurationList;
			buildConfigurations = (
				AAEA2B53253A02AB00B421FF /* Debug */,
				AAEA2B54253A02AB00B421FF /* Release */,
			);
			defaultConfigurationIsVisible = 0;
			defaultConfigurationName = Release;
		};
		AAEA2B55253A02AB00B421FF /* Build configuration list for PBXNativeTarget "MapasApple" */ = {
			isa = XCConfigurationList;
			buildConfigurations = (
				AAEA2B56253A02AB00B421FF /* Debug */,
				AAEA2B57253A02AB00B421FF /* Release */,
			);
			defaultConfigurationIsVisible = 0;
			defaultConfigurationName = Release;
		};
/* End XCConfigurationList section */
	};
	rootObject = AAEA2B39253A02A900B421FF /* Project object */;
}
